# This file is autogenerated, do not edit; changes may be undone by the next 'dep ensure'.


[[projects]]
  digest = "1:9f3b30d9f8e0d7040f729b82dcbc8f0dead820a133b3147ce355fc451f32d761"
  name = "github.com/BurntSushi/toml"
  packages = ["."]
  pruneopts = "UT"
  revision = "3012a1dbe2e4bd1391d42b32f0577cb7bbc7f005"
  version = "v0.3.1"

[[projects]]
  digest = "1:e8f87dd9fc3994bff8bfda89d925cb2d9f079b9908574366fddb3ac120b1ce42"
  name = "github.com/Workiva/go-datastructures"
  packages = ["augmentedtree"]
  pruneopts = "UT"
  revision = "f07cbe3f82ca2fd6e5ab94afce65fe43319f675f"
  version = "v1.0.50"

[[projects]]
  digest = "1:7ba8e8085bf6fe000d931667b4229ac853321e1aa02081373f3571f72b120562"
  name = "github.com/absolute8511/bolt"
  packages = ["."]
  pruneopts = "UT"
  revision = "3dc293be17a25a9642db0256078805964b0f2ea9"
  version = "v1.5.0"

[[projects]]
  digest = "1:68854f47091d4b87190d6a59955e83dcec64a3a7c9a1f63d5c11d0f1340224df"
  name = "github.com/absolute8511/glog"
  packages = ["."]
  pruneopts = "UT"
  revision = "b806bb4131dde3194b6fbc719cc2c53d3d0dec28"
  version = "v0.2.0"

[[projects]]
  branch = "master"
  digest = "1:de8ac9005306955c632c17ff371b45c671d2b27d16842089115c083cbe8c2a61"
  name = "github.com/absolute8511/gorpc"
  packages = ["."]
  pruneopts = "UT"
  revision = "60ee7d4359cbaadbcacc08c2bd19619da344f8d1"

[[projects]]
  branch = "master"
  digest = "1:5b8b83a93fce374e5dac86dfbe7d9319b597df6a2b87df7670b38d48cf45341c"
  name = "github.com/absolute8511/goskiplist"
  packages = ["skiplist"]
  pruneopts = "UT"
  revision = "3ba6f667c3dfc78d430cc56d2037795c11167d8a"

[[projects]]
  digest = "1:962394e3f13ad48530de44e98a37953c3e774a6e1ee9e86a9176dd3e19a95b6d"
  name = "github.com/astaxie/beego"
  packages = [
    "config",
    "config/yaml",
  ]
  pruneopts = "UT"
  revision = "1b6edafc96ad27b6515fafeccd7339dda3e997b1"
  version = "v1.11.1"

[[projects]]
  digest = "1:d52438bdbde50c0a7396bb7142680427efd5a4b1777e56e8ee0a5556d8f96a29"
  name = "github.com/beego/goyaml2"
  packages = ["."]
  pruneopts = "UT"
  revision = "5545475820ddd4db3f90a4900d44b65d077d702d"
  version = "2.0"

[[projects]]
  branch = "master"
  digest = "1:d48cc03a21c4a768e554f378f0061f7b3000b68ee8fc804040cb0de76574d3ca"
  name = "github.com/bitly/go-hostpool"
  packages = ["."]
  pruneopts = "UT"
  revision = "a3a6125de9329587178a9792dc8f4bc98e620d2d"

[[projects]]
  digest = "1:b520b55fc1146c5b0eea03b07233f7a3d4a9be985c037c91ea6b82ecb81bd521"
  name = "github.com/bitly/go-simplejson"
  packages = ["."]
  pruneopts = "UT"
  revision = "aabad6e819789e569bd6aabf444c935aa9ba1e44"
  version = "v0.5.0"

[[projects]]
  branch = "master"
  digest = "1:1542086ca2ca228cdd7f5c428e6701a536f98486c6f557efebc273fbfadcb2cd"
  name = "github.com/bitly/timer_metrics"
  packages = ["."]
  pruneopts = "UT"
  revision = "b1c65ca7ae6232b456134f3862db0cdc42c929fd"

[[projects]]
  digest = "1:705c40022f5c03bf96ffeb6477858d88565064485a513abcd0f11a0911546cb6"
  name = "github.com/blang/semver"
  packages = ["."]
  pruneopts = "UT"
  revision = "2ee87856327ba09384cabd113bc6b5d174e9ec0f"
  version = "v3.5.1"

[[projects]]
  branch = "master"
  digest = "1:f31b92722c6eca05df9ba28e9cb38d94de0865f034fff164557f103d6d13b612"
  name = "github.com/bmizerany/perks"
  packages = ["quantile"]
  pruneopts = "UT"
  revision = "d9a9656a3a4b1c2864fdb44db2ef8619772d92aa"

[[projects]]
  digest = "1:553f73a4171c265045ae4f5d3122429ecf2c9c0c232c91f336127fe45480104a"
  name = "github.com/cenkalti/backoff"
  packages = ["."]
  pruneopts = "UT"
  revision = "62661b46c4093e2c1f38d943e663db1a29873e80"
  version = "v2.1.0"

[[projects]]
  digest = "1:11afc40fb78b3fd82a3260419541423a3e90c744b71662546db2bc31696f70e8"
  name = "github.com/coreos/etcd"
  packages = [
    "Godeps/_workspace/src/github.com/ugorji/go/codec",
    "Godeps/_workspace/src/golang.org/x/net/context",
    "client",
    "pkg/pathutil",
    "pkg/types",
  ]
  pruneopts = "UT"
  revision = "7e4fc7eaa931298732c880a703bccc9c177ae1de"
  version = "v2.3.8"

[[projects]]
  digest = "1:ffe9824d294da03b391f44e1ae8281281b4afc1bdaa9588c9097785e3af10cec"
  name = "github.com/davecgh/go-spew"
  packages = ["spew"]
  pruneopts = "UT"
  revision = "8991bc29aa16c548c550c7ff78260e27b9ab7c73"
  version = "v1.1.1"

[[projects]]
  digest = "1:9ae31ce33b4bab257668963e844d98765b44160be4ee98cafc44637a213e530d"
  name = "github.com/gobwas/glob"
  packages = [
    ".",
    "compiler",
    "match",
    "syntax",
    "syntax/ast",
    "syntax/lexer",
    "util/runes",
    "util/strings",
  ]
  pruneopts = "UT"
  revision = "5ccd90ef52e1e632236f7326478d4faa74f99438"
  version = "v0.2.3"

[[projects]]
  digest = "1:4652941215f23c7ad6546bab86964c72248a1134baa53f0df618661344ba5cac"
  name = "github.com/gogo/protobuf"
  packages = [
    "gogoproto",
    "proto",
    "protoc-gen-gogo/descriptor",
  ]
  pruneopts = "UT"
  revision = "ba06b47c162d49f2af050fb4c75bcbc86a159d5c"
  version = "v1.2.1"

[[projects]]
  digest = "1:4c0989ca0bcd10799064318923b9bc2db6b4d6338dd75f3f2d86c3511aaaf5cf"
  name = "github.com/golang/protobuf"
  packages = [
    "proto",
    "ptypes",
    "ptypes/any",
    "ptypes/duration",
    "ptypes/timestamp",
  ]
  pruneopts = "UT"
  revision = "aa810b61a9c79d51363740d207bb46cf8e620ed5"
  version = "v1.2.0"

[[projects]]
  branch = "master"
  digest = "1:4a0c6bb4805508a6287675fac876be2ac1182539ca8a32468d8128882e9d5009"
  name = "github.com/golang/snappy"
  packages = ["."]
  pruneopts = "UT"
  revision = "2e65f85255dbc3072edf28d6b5b8efc472979f5a"

[[projects]]
  digest = "1:c79fb010be38a59d657c48c6ba1d003a8aa651fa56b579d959d74573b7dff8e1"
  name = "github.com/gorilla/context"
  packages = ["."]
  pruneopts = "UT"
  revision = "08b5f424b9271eedf6f9f0ce86cb9396ed337a42"
  version = "v1.1.1"

[[projects]]
  digest = "1:e72d1ebb8d395cf9f346fd9cbc652e5ae222dd85e0ac842dc57f175abed6d195"
  name = "github.com/gorilla/securecookie"
  packages = ["."]
  pruneopts = "UT"
  revision = "e59506cc896acb7f7bf732d4fdf5e25f7ccd8983"
  version = "v1.1.1"

[[projects]]
  digest = "1:e5bf52fd66a2e984b57b4c0f2c4ee024ed749a19886246240629998dc0cf31ce"
  name = "github.com/gorilla/sessions"
  packages = ["."]
  pruneopts = "UT"
  revision = "f57b7e2d29c6211d16ffa52a0998272f75799030"
  version = "v1.1.3"

[[projects]]
  digest = "1:c77361e611524ec8f2ad37c408c3c916111a70b6acf806a1200855696bf8fa4d"
  name = "github.com/hashicorp/golang-lru"
  packages = [
    ".",
    "simplelru",
  ]
  pruneopts = "UT"
  revision = "7f827b33c0f158ec5dfbba01bb0b14a4541fd81d"
  version = "v0.5.3"

[[projects]]
  digest = "1:213ecd7cf2442d4c3fb297fdcb00c70be7aaed543b78c8b77a0ed5622940a6f1"
  name = "github.com/judwhite/go-svc"
  packages = ["svc"]
  pruneopts = "UT"
  revision = "63c12402f579f0bdf022653c821a1aa5d7544f01"
  version = "v1.0.0"

[[projects]]
  digest = "1:f97285a3b0a496dcf8801072622230d513f69175665d94de60eb042d03387f6c"
  name = "github.com/julienschmidt/httprouter"
  packages = ["."]
  pruneopts = "UT"
  revision = "348b672cd90d8190f8240323e372ecd1e66b59dc"
  version = "v1.2.0"

[[projects]]
  branch = "master"
  digest = "1:3188d41a9ba37eb9672b9dc20d3ea32625a9d1cbeef788f0dfd0143b9988127a"
  name = "github.com/mreiferson/go-options"
  packages = ["."]
  pruneopts = "UT"
  revision = "77551d20752b54535462404ad9d877ebdb26e53d"

[[projects]]
  digest = "1:0028cb19b2e4c3112225cd871870f2d9cf49b9b4276531f03438a88e94be86fe"
  name = "github.com/pmezard/go-difflib"
  packages = ["difflib"]
  pruneopts = "UT"
  revision = "792786c7400a136282c1664665ae0a8db921c6c2"
  version = "v1.0.0"

[[projects]]
  digest = "1:919bb3aa6d9d0b67648c219fa4925312bc3c2872da19e818fa769e9c97a2b643"
  name = "github.com/spaolacci/murmur3"
  packages = ["."]
  pruneopts = "UT"
  revision = "9f5d223c60793748f04a9d5b4b4eacddfc1f755d"
  version = "v1.1"

[[projects]]
  digest = "1:972c2427413d41a1e06ca4897e8528e5a1622894050e2f527b38ddf0f343f759"
  name = "github.com/stretchr/testify"
  packages = ["assert"]
  pruneopts = "UT"
  revision = "ffdc059bfe9ce6a4e144ba849dbedead332c6053"
  version = "v1.3.0"

[[projects]]
  digest = "1:2cab41f59638fdb77dda96ab4f9b5860ef30f48967557254eba127e43c756f2e"
  name = "github.com/tidwall/gjson"
  packages = ["."]
  pruneopts = "UT"
  revision = "1e3f6aeaa5bad08d777ea7807b279a07885dd8b2"
  version = "v1.1.3"

[[projects]]
  digest = "1:8453ddbed197809ee8ca28b06bd04e127bec9912deb4ba451fea7a1eca578328"
  name = "github.com/tidwall/match"
  packages = ["."]
  pruneopts = "UT"
  revision = "33827db735fff6510490d69a8622612558a557ed"
  version = "v1.0.1"

[[projects]]
  digest = "1:8f41bbca0d6435bb54d7c090336f7693942cda30f9126eaf3959b8df48721ac3"
  name = "github.com/twinj/uuid"
  packages = ["."]
  pruneopts = "UT"
  revision = "835a10bbd6bce40820349a68b1368a62c3c5617c"
  version = "v1.0.0"

[[projects]]
  branch = "master"
  digest = "1:9a602e0f099a1b4dfb8d621e40ecff39b4dc4b7a588f44bd3ddb1e7f32cb7ca8"
  name = "github.com/viki-org/dnscache"
  packages = ["."]
  pruneopts = "UT"
  revision = "c70c1f23c5d84ab39054ec6b418a5ed0fa51cade"

[[projects]]
  branch = "master"
  digest = "1:f73b04acb0db3d4a4b3ab8c68f70f81c685be4485e872c60440f1fd91066a486"
  name = "github.com/wendal/errors"
  packages = ["."]
  pruneopts = "UT"
  revision = "7f31f4b264ec95ca86f90649fe4dca4a2a690f4a"

[[projects]]
  digest = "1:678f62e1137708588ffc59ed8b5eda4228e4696638da6ec97119b0070515766e"
  name = "github.com/youzan/go-nsq"
  packages = ["."]
  pruneopts = "UT"
  revision = "4b00af35f37f4c6b137ba055c45419f97e3a1536"
  version = "v1.3.2-HA"

[[projects]]
  branch = "master"
  digest = "1:89a0cb976397aa9157a45bb2b896d0bcd07ee095ac975e0f03c53250c402265e"
  name = "golang.org/x/net"
  packages = [
    "context",
    "http/httpguts",
    "http2",
    "http2/hpack",
    "idna",
    "internal/timeseries",
    "trace",
  ]
  pruneopts = "UT"
  revision = "927f97764cc334a6575f4b7a1584a147864d5723"

[[projects]]
  branch = "master"
  digest = "1:75515eedc0dc2cb0b40372008b616fa2841d831c63eedd403285ff286c593295"
  name = "golang.org/x/sync"
  packages = ["semaphore"]
  pruneopts = "UT"
  revision = "37e7f081c4d4c64e13b10787722085407fe5d15f"

[[projects]]
  branch = "master"
  digest = "1:5f82b3b6e673cc6350616747ed8c27029843f958add8b67ea097df4bb14e94a3"
  name = "golang.org/x/sys"
  packages = [
    "unix",
    "windows",
    "windows/svc",
  ]
  pruneopts = "UT"
  revision = "9a3f9b0469bbc6b8802087ae5c0af9f61502de01"

[[projects]]
  digest = "1:a2ab62866c75542dd18d2b069fec854577a20211d7c0ea6ae746072a1dccdd18"
  name = "golang.org/x/text"
  packages = [
    "collate",
    "collate/build",
    "internal/colltab",
    "internal/gen",
    "internal/tag",
    "internal/triegen",
    "internal/ucd",
    "language",
    "secure/bidirule",
    "transform",
    "unicode/bidi",
    "unicode/cldr",
    "unicode/norm",
    "unicode/rangetable",
  ]
  pruneopts = "UT"
  revision = "f21a4dfb5e38f5895301dc265a8def02365cc3d0"
  version = "v0.3.0"

[[projects]]
  branch = "master"
  digest = "1:077c1c599507b3b3e9156d17d36e1e61928ee9b53a5b420f10f28ebd4a0b275c"
  name = "google.golang.org/genproto"
  packages = ["googleapis/rpc/status"]
  pruneopts = "UT"
  revision = "bd9b4fb69e2ffd37621a6caa54dcbead29b546f2"

[[projects]]
  digest = "1:9edd250a3c46675d0679d87540b30c9ed253b19bd1fd1af08f4f5fb3c79fc487"
  name = "google.golang.org/grpc"
  packages = [
    ".",
    "balancer",
    "balancer/base",
    "balancer/roundrobin",
    "binarylog/grpc_binarylog_v1",
    "codes",
    "connectivity",
    "credentials",
    "credentials/internal",
    "encoding",
    "encoding/proto",
    "grpclog",
    "internal",
    "internal/backoff",
    "internal/binarylog",
    "internal/channelz",
    "internal/envconfig",
    "internal/grpcrand",
    "internal/grpcsync",
    "internal/syscall",
    "internal/transport",
    "keepalive",
    "metadata",
    "naming",
    "peer",
    "resolver",
    "resolver/dns",
    "resolver/passthrough",
    "stats",
    "status",
    "tap",
  ]
  pruneopts = "UT"
  revision = "df014850f6dee74ba2fc94874043a9f3f75fbfd8"
  version = "v1.17.0"

[solve-meta]
  analyzer-name = "dep"
  analyzer-version = 1
  input-imports = [
    "github.com/BurntSushi/toml",
    "github.com/Workiva/go-datastructures/augmentedtree",
    "github.com/absolute8511/bolt",
    "github.com/absolute8511/glog",
    "github.com/absolute8511/gorpc",
    "github.com/absolute8511/goskiplist/skiplist",
    "github.com/astaxie/beego/config/yaml",
    "github.com/bitly/go-hostpool",
    "github.com/bitly/go-simplejson",
    "github.com/bitly/timer_metrics",
    "github.com/blang/semver",
    "github.com/bmizerany/perks/quantile",
    "github.com/cenkalti/backoff",
    "github.com/coreos/etcd/client",
    "github.com/gobwas/glob",
    "github.com/gogo/protobuf/gogoproto",
    "github.com/golang/protobuf/proto",
    "github.com/golang/snappy",
    "github.com/gorilla/sessions",
    "github.com/hashicorp/golang-lru",
    "github.com/judwhite/go-svc/svc",
    "github.com/julienschmidt/httprouter",
    "github.com/mreiferson/go-options",
    "github.com/spaolacci/murmur3",
    "github.com/stretchr/testify/assert",
    "github.com/tidwall/gjson",
    "github.com/twinj/uuid",
    "github.com/viki-org/dnscache",
    "github.com/youzan/go-nsq",
    "golang.org/x/net/context",
    "golang.org/x/sync/semaphore",
    "google.golang.org/grpc",
  ]
  solver-name = "gps-cdcl"
  solver-version = 1
